// !$*UTF8*$!
{
	archiveVersion = 1;
	classes = {
	};
	objectVersion = 52;
	objects = {

/* Begin PBXBuildFile section */
		278E010F2623EE0D00E0015B /* SearchFriendViewController.swift in Sources */ = {isa = PBXBuildFile; fileRef = 278E010E2623EE0D00E0015B /* SearchFriendViewController.swift */; };
		278E01122623EE2500E0015B /* SearchFriendView.swift in Sources */ = {isa = PBXBuildFile; fileRef = 278E01112623EE2500E0015B /* SearchFriendView.swift */; };
		278E0130262448DE00E0015B /* FriendsTableViewCell.swift in Sources */ = {isa = PBXBuildFile; fileRef = 278E012F262448DE00E0015B /* FriendsTableViewCell.swift */; };
		2793C1B5261C9EEF000262CE /* ChatroomVC.swift in Sources */ = {isa = PBXBuildFile; fileRef = 2793C1B4261C9EEF000262CE /* ChatroomVC.swift */; };
		2793C1B8261C9F22000262CE /* ChatroomView.swift in Sources */ = {isa = PBXBuildFile; fileRef = 2793C1B7261C9F22000262CE /* ChatroomView.swift */; };
		27CBCC432627FD7900ABC42C /* LoadingViewController.swift in Sources */ = {isa = PBXBuildFile; fileRef = 27CBCC422627FD7900ABC42C /* LoadingViewController.swift */; };
		27CBCC472627FDC600ABC42C /* LoadingView.swift in Sources */ = {isa = PBXBuildFile; fileRef = 27CBCC462627FDC600ABC42C /* LoadingView.swift */; };
		27CBCC4B262814CA00ABC42C /* loading.json in Resources */ = {isa = PBXBuildFile; fileRef = 27CBCC4A262814CA00ABC42C /* loading.json */; };
		27EDF9A0261C07CE00ADFDA6 /* AppDelegate.swift in Sources */ = {isa = PBXBuildFile; fileRef = 27EDF99F261C07CE00ADFDA6 /* AppDelegate.swift */; };
		27EDF9A2261C07CE00ADFDA6 /* SceneDelegate.swift in Sources */ = {isa = PBXBuildFile; fileRef = 27EDF9A1261C07CE00ADFDA6 /* SceneDelegate.swift */; };
		27EDF9A9261C07CF00ADFDA6 /* Assets.xcassets in Resources */ = {isa = PBXBuildFile; fileRef = 27EDF9A8261C07CF00ADFDA6 /* Assets.xcassets */; };
		27EDF9AC261C07CF00ADFDA6 /* LaunchScreen.storyboard in Resources */ = {isa = PBXBuildFile; fileRef = 27EDF9AA261C07CF00ADFDA6 /* LaunchScreen.storyboard */; };
		27EDF9BA261C0FEF00ADFDA6 /* HomepageViewController.swift in Sources */ = {isa = PBXBuildFile; fileRef = 27EDF9B9261C0FEF00ADFDA6 /* HomepageViewController.swift */; };
		27EDF9BD261C100B00ADFDA6 /* HomePageView.swift in Sources */ = {isa = PBXBuildFile; fileRef = 27EDF9BC261C100B00ADFDA6 /* HomePageView.swift */; };
		27EDF9C4261C1A4A00ADFDA6 /* SnapKit in Frameworks */ = {isa = PBXBuildFile; productRef = 27EDF9C3261C1A4A00ADFDA6 /* SnapKit */; };
		27EDF9D3261C50E200ADFDA6 /* RegisterView.swift in Sources */ = {isa = PBXBuildFile; fileRef = 27EDF9D2261C50E200ADFDA6 /* RegisterView.swift */; };
		27EDF9D6261C50F100ADFDA6 /* RegisterViewController.swift in Sources */ = {isa = PBXBuildFile; fileRef = 27EDF9D5261C50F100ADFDA6 /* RegisterViewController.swift */; };
		27EDF9DB261C5D2200ADFDA6 /* GoogleService-Info.plist in Resources */ = {isa = PBXBuildFile; fileRef = 27EDF9DA261C5D2200ADFDA6 /* GoogleService-Info.plist */; };
		464B9204261FEDF2006AEEE2 /* ProfileView.swift in Sources */ = {isa = PBXBuildFile; fileRef = 464B9203261FEDF2006AEEE2 /* ProfileView.swift */; };
		464B9207261FEE01006AEEE2 /* ProfileViewController.swift in Sources */ = {isa = PBXBuildFile; fileRef = 464B9206261FEE01006AEEE2 /* ProfileViewController.swift */; };
		464B920A261FF34A006AEEE2 /* ProfileImageTableViewCell.swift in Sources */ = {isa = PBXBuildFile; fileRef = 464B9209261FF34A006AEEE2 /* ProfileImageTableViewCell.swift */; };
		464B920D261FF6AA006AEEE2 /* ProfileInfoTableViewCell.swift in Sources */ = {isa = PBXBuildFile; fileRef = 464B920C261FF6AA006AEEE2 /* ProfileInfoTableViewCell.swift */; };
		464B921026203228006AEEE2 /* FriendsView.swift in Sources */ = {isa = PBXBuildFile; fileRef = 464B920F26203228006AEEE2 /* FriendsView.swift */; };
		464B921326203239006AEEE2 /* FriendsViewController.swift in Sources */ = {isa = PBXBuildFile; fileRef = 464B921226203239006AEEE2 /* FriendsViewController.swift */; };
		464BB167261EB48C007718CC /* ChatLogTableViewCell.swift in Sources */ = {isa = PBXBuildFile; fileRef = 464BB166261EB48C007718CC /* ChatLogTableViewCell.swift */; };
		464BB16B261ECB83007718CC /* User.swift in Sources */ = {isa = PBXBuildFile; fileRef = 464BB16A261ECB83007718CC /* User.swift */; };
		464BB16E261ED9EE007718CC /* Messages.swift in Sources */ = {isa = PBXBuildFile; fileRef = 464BB16D261ED9EE007718CC /* Messages.swift */; };
		464BE20B2625540600208D99 /* ChatroomBannerCell.swift in Sources */ = {isa = PBXBuildFile; fileRef = 464BE20A2625540600208D99 /* ChatroomBannerCell.swift */; };
		464D65402626DE2800293379 /* ProfileDetailViewController.swift in Sources */ = {isa = PBXBuildFile; fileRef = 464D653F2626DE2800293379 /* ProfileDetailViewController.swift */; };
		464D65432626DE9400293379 /* ProfileDetailView.swift in Sources */ = {isa = PBXBuildFile; fileRef = 464D65422626DE9400293379 /* ProfileDetailView.swift */; };
		464D65472626F12400293379 /* ProfileDetail.swift in Sources */ = {isa = PBXBuildFile; fileRef = 464D65462626F12400293379 /* ProfileDetail.swift */; };
		5E54B77CB13E7825A9F2B6D9 /* Pods_LiveChat.framework in Frameworks */ = {isa = PBXBuildFile; fileRef = B46A62400680574913F86BB5 /* Pods_LiveChat.framework */; };
		D91DF32D26256FCF0010C1F5 /* ChatLogView.swift in Sources */ = {isa = PBXBuildFile; fileRef = D91DF32C26256FCF0010C1F5 /* ChatLogView.swift */; };
		D9D5EFA32626D5CE000EC73C /* ScrollToEndpoint.swift in Sources */ = {isa = PBXBuildFile; fileRef = D9D5EFA22626D5CE000EC73C /* ScrollToEndpoint.swift */; };
		D9FFBEE0261D8C4B00BF5841 /* ChatroomTVCell.swift in Sources */ = {isa = PBXBuildFile; fileRef = D9FFBEDF261D8C4B00BF5841 /* ChatroomTVCell.swift */; };
		D9FFBEE3261D8D0400BF5841 /* ChatLogVC.swift in Sources */ = {isa = PBXBuildFile; fileRef = D9FFBEE2261D8D0400BF5841 /* ChatLogVC.swift */; };
/* End PBXBuildFile section */

/* Begin PBXFileReference section */
		13B64C1EAC50EEA03C13839A /* Pods-LiveChat.debug.xcconfig */ = {isa = PBXFileReference; includeInIndex = 1; lastKnownFileType = text.xcconfig; name = "Pods-LiveChat.debug.xcconfig"; path = "Target Support Files/Pods-LiveChat/Pods-LiveChat.debug.xcconfig"; sourceTree = "<group>"; };
		278E010E2623EE0D00E0015B /* SearchFriendViewController.swift */ = {isa = PBXFileReference; lastKnownFileType = sourcecode.swift; path = SearchFriendViewController.swift; sourceTree = "<group>"; };
		278E01112623EE2500E0015B /* SearchFriendView.swift */ = {isa = PBXFileReference; lastKnownFileType = sourcecode.swift; path = SearchFriendView.swift; sourceTree = "<group>"; };
		278E012F262448DE00E0015B /* FriendsTableViewCell.swift */ = {isa = PBXFileReference; lastKnownFileType = sourcecode.swift; path = FriendsTableViewCell.swift; sourceTree = "<group>"; };
		2793C1B4261C9EEF000262CE /* ChatroomVC.swift */ = {isa = PBXFileReference; lastKnownFileType = sourcecode.swift; path = ChatroomVC.swift; sourceTree = "<group>"; };
		2793C1B7261C9F22000262CE /* ChatroomView.swift */ = {isa = PBXFileReference; lastKnownFileType = sourcecode.swift; path = ChatroomView.swift; sourceTree = "<group>"; };
		27CBCC422627FD7900ABC42C /* LoadingViewController.swift */ = {isa = PBXFileReference; lastKnownFileType = sourcecode.swift; path = LoadingViewController.swift; sourceTree = "<group>"; };
		27CBCC462627FDC600ABC42C /* LoadingView.swift */ = {isa = PBXFileReference; lastKnownFileType = sourcecode.swift; path = LoadingView.swift; sourceTree = "<group>"; };
		27CBCC4A262814CA00ABC42C /* loading.json */ = {isa = PBXFileReference; fileEncoding = 4; lastKnownFileType = text.json; path = loading.json; sourceTree = "<group>"; };
		27EDF99C261C07CE00ADFDA6 /* LiveChat.app */ = {isa = PBXFileReference; explicitFileType = wrapper.application; includeInIndex = 0; path = LiveChat.app; sourceTree = BUILT_PRODUCTS_DIR; };
		27EDF99F261C07CE00ADFDA6 /* AppDelegate.swift */ = {isa = PBXFileReference; lastKnownFileType = sourcecode.swift; path = AppDelegate.swift; sourceTree = "<group>"; };
		27EDF9A1261C07CE00ADFDA6 /* SceneDelegate.swift */ = {isa = PBXFileReference; lastKnownFileType = sourcecode.swift; path = SceneDelegate.swift; sourceTree = "<group>"; };
		27EDF9A8261C07CF00ADFDA6 /* Assets.xcassets */ = {isa = PBXFileReference; lastKnownFileType = folder.assetcatalog; path = Assets.xcassets; sourceTree = "<group>"; };
		27EDF9AB261C07CF00ADFDA6 /* Base */ = {isa = PBXFileReference; lastKnownFileType = file.storyboard; name = Base; path = Base.lproj/LaunchScreen.storyboard; sourceTree = "<group>"; };
		27EDF9AD261C07CF00ADFDA6 /* Info.plist */ = {isa = PBXFileReference; lastKnownFileType = text.plist.xml; path = Info.plist; sourceTree = "<group>"; };
		27EDF9B9261C0FEF00ADFDA6 /* HomepageViewController.swift */ = {isa = PBXFileReference; lastKnownFileType = sourcecode.swift; path = HomepageViewController.swift; sourceTree = "<group>"; };
		27EDF9BC261C100B00ADFDA6 /* HomePageView.swift */ = {isa = PBXFileReference; lastKnownFileType = sourcecode.swift; path = HomePageView.swift; sourceTree = "<group>"; };
		27EDF9D2261C50E200ADFDA6 /* RegisterView.swift */ = {isa = PBXFileReference; lastKnownFileType = sourcecode.swift; path = RegisterView.swift; sourceTree = "<group>"; };
		27EDF9D5261C50F100ADFDA6 /* RegisterViewController.swift */ = {isa = PBXFileReference; lastKnownFileType = sourcecode.swift; path = RegisterViewController.swift; sourceTree = "<group>"; };
		27EDF9DA261C5D2200ADFDA6 /* GoogleService-Info.plist */ = {isa = PBXFileReference; fileEncoding = 4; lastKnownFileType = text.plist.xml; path = "GoogleService-Info.plist"; sourceTree = "<group>"; };
		464B9203261FEDF2006AEEE2 /* ProfileView.swift */ = {isa = PBXFileReference; lastKnownFileType = sourcecode.swift; path = ProfileView.swift; sourceTree = "<group>"; };
		464B9206261FEE01006AEEE2 /* ProfileViewController.swift */ = {isa = PBXFileReference; lastKnownFileType = sourcecode.swift; path = ProfileViewController.swift; sourceTree = "<group>"; };
		464B9209261FF34A006AEEE2 /* ProfileImageTableViewCell.swift */ = {isa = PBXFileReference; lastKnownFileType = sourcecode.swift; path = ProfileImageTableViewCell.swift; sourceTree = "<group>"; };
		464B920C261FF6AA006AEEE2 /* ProfileInfoTableViewCell.swift */ = {isa = PBXFileReference; lastKnownFileType = sourcecode.swift; path = ProfileInfoTableViewCell.swift; sourceTree = "<group>"; };
		464B920F26203228006AEEE2 /* FriendsView.swift */ = {isa = PBXFileReference; lastKnownFileType = sourcecode.swift; path = FriendsView.swift; sourceTree = "<group>"; };
		464B921226203239006AEEE2 /* FriendsViewController.swift */ = {isa = PBXFileReference; lastKnownFileType = sourcecode.swift; path = FriendsViewController.swift; sourceTree = "<group>"; };
		464BB166261EB48C007718CC /* ChatLogTableViewCell.swift */ = {isa = PBXFileReference; lastKnownFileType = sourcecode.swift; path = ChatLogTableViewCell.swift; sourceTree = "<group>"; };
		464BB16A261ECB83007718CC /* User.swift */ = {isa = PBXFileReference; lastKnownFileType = sourcecode.swift; name = User.swift; path = LiveChat/Cell/User.swift; sourceTree = SOURCE_ROOT; };
		464BB16D261ED9EE007718CC /* Messages.swift */ = {isa = PBXFileReference; lastKnownFileType = sourcecode.swift; name = Messages.swift; path = LiveChat/Cell/Messages.swift; sourceTree = SOURCE_ROOT; };
		464BE20A2625540600208D99 /* ChatroomBannerCell.swift */ = {isa = PBXFileReference; lastKnownFileType = sourcecode.swift; path = ChatroomBannerCell.swift; sourceTree = "<group>"; };
		464D653F2626DE2800293379 /* ProfileDetailViewController.swift */ = {isa = PBXFileReference; lastKnownFileType = sourcecode.swift; path = ProfileDetailViewController.swift; sourceTree = "<group>"; };
		464D65422626DE9400293379 /* ProfileDetailView.swift */ = {isa = PBXFileReference; lastKnownFileType = sourcecode.swift; path = ProfileDetailView.swift; sourceTree = "<group>"; };
		464D65462626F12400293379 /* ProfileDetail.swift */ = {isa = PBXFileReference; lastKnownFileType = sourcecode.swift; name = ProfileDetail.swift; path = LiveChat/View/ProfileDetail.swift; sourceTree = SOURCE_ROOT; };
		83A78F375B883F9D24DA5BD9 /* Pods-LiveChat.release.xcconfig */ = {isa = PBXFileReference; includeInIndex = 1; lastKnownFileType = text.xcconfig; name = "Pods-LiveChat.release.xcconfig"; path = "Target Support Files/Pods-LiveChat/Pods-LiveChat.release.xcconfig"; sourceTree = "<group>"; };
		B46A62400680574913F86BB5 /* Pods_LiveChat.framework */ = {isa = PBXFileReference; explicitFileType = wrapper.framework; includeInIndex = 0; path = Pods_LiveChat.framework; sourceTree = BUILT_PRODUCTS_DIR; };
		D91DF32C26256FCF0010C1F5 /* ChatLogView.swift */ = {isa = PBXFileReference; lastKnownFileType = sourcecode.swift; path = ChatLogView.swift; sourceTree = "<group>"; };
		D9D5EFA22626D5CE000EC73C /* ScrollToEndpoint.swift */ = {isa = PBXFileReference; lastKnownFileType = sourcecode.swift; path = ScrollToEndpoint.swift; sourceTree = "<group>"; };
		D9FFBEDF261D8C4B00BF5841 /* ChatroomTVCell.swift */ = {isa = PBXFileReference; lastKnownFileType = sourcecode.swift; path = ChatroomTVCell.swift; sourceTree = "<group>"; };
		D9FFBEE2261D8D0400BF5841 /* ChatLogVC.swift */ = {isa = PBXFileReference; lastKnownFileType = sourcecode.swift; path = ChatLogVC.swift; sourceTree = "<group>"; };
/* End PBXFileReference section */

/* Begin PBXFrameworksBuildPhase section */
		27EDF999261C07CE00ADFDA6 /* Frameworks */ = {
			isa = PBXFrameworksBuildPhase;
			buildActionMask = 2147483647;
			files = (
				27EDF9C4261C1A4A00ADFDA6 /* SnapKit in Frameworks */,
				5E54B77CB13E7825A9F2B6D9 /* Pods_LiveChat.framework in Frameworks */,
			);
			runOnlyForDeploymentPostprocessing = 0;
		};
/* End PBXFrameworksBuildPhase section */

/* Begin PBXGroup section */
		0522F3AC3F41687933378ED4 /* Frameworks */ = {
			isa = PBXGroup;
			children = (
				B46A62400680574913F86BB5 /* Pods_LiveChat.framework */,
			);
			name = Frameworks;
			sourceTree = "<group>";
		};
		27EDF993261C07CE00ADFDA6 = {
			isa = PBXGroup;
			children = (
				27EDF99E261C07CE00ADFDA6 /* LiveChat */,
				27EDF99D261C07CE00ADFDA6 /* Products */,
				74801D0A87DA1DA12CC7CB8A /* Pods */,
				0522F3AC3F41687933378ED4 /* Frameworks */,
			);
			sourceTree = "<group>";
		};
		27EDF99D261C07CE00ADFDA6 /* Products */ = {
			isa = PBXGroup;
			children = (
				27EDF99C261C07CE00ADFDA6 /* LiveChat.app */,
			);
			name = Products;
			sourceTree = "<group>";
		};
		27EDF99E261C07CE00ADFDA6 /* LiveChat */ = {
			isa = PBXGroup;
			children = (
				27EDF99F261C07CE00ADFDA6 /* AppDelegate.swift */,
				27EDF9A1261C07CE00ADFDA6 /* SceneDelegate.swift */,
				27EDF9A8261C07CF00ADFDA6 /* Assets.xcassets */,
				27EDF9AA261C07CF00ADFDA6 /* LaunchScreen.storyboard */,
				27CBCC4A262814CA00ABC42C /* loading.json */,
				27EDF9AD261C07CF00ADFDA6 /* Info.plist */,
				27EDF9DA261C5D2200ADFDA6 /* GoogleService-Info.plist */,
				27EDF9B6261C0DA900ADFDA6 /* Model */,
				27EDF9B5261C0DA100ADFDA6 /* View */,
				464BB165261EB464007718CC /* Cell */,
				27EDF9B4261C0D9800ADFDA6 /* Control */,
				D9D5EFA52626D5EE000EC73C /* Method */,
			);
			path = LiveChat;
			sourceTree = "<group>";
		};
		27EDF9B4261C0D9800ADFDA6 /* Control */ = {
			isa = PBXGroup;
			children = (
				27EDF9B9261C0FEF00ADFDA6 /* HomepageViewController.swift */,
				27EDF9D5261C50F100ADFDA6 /* RegisterViewController.swift */,
				2793C1B4261C9EEF000262CE /* ChatroomVC.swift */,
				D9FFBEE2261D8D0400BF5841 /* ChatLogVC.swift */,
				464B9206261FEE01006AEEE2 /* ProfileViewController.swift */,
				464D653F2626DE2800293379 /* ProfileDetailViewController.swift */,
				464B921226203239006AEEE2 /* FriendsViewController.swift */,
				278E010E2623EE0D00E0015B /* SearchFriendViewController.swift */,
				27CBCC422627FD7900ABC42C /* LoadingViewController.swift */,
			);
			path = Control;
			sourceTree = "<group>";
		};
		27EDF9B5261C0DA100ADFDA6 /* View */ = {
			isa = PBXGroup;
			children = (
				27EDF9BC261C100B00ADFDA6 /* HomePageView.swift */,
				27EDF9D2261C50E200ADFDA6 /* RegisterView.swift */,
				2793C1B7261C9F22000262CE /* ChatroomView.swift */,
				D91DF32C26256FCF0010C1F5 /* ChatLogView.swift */,
				464B9203261FEDF2006AEEE2 /* ProfileView.swift */,
				464D65422626DE9400293379 /* ProfileDetailView.swift */,
				464B920F26203228006AEEE2 /* FriendsView.swift */,
				278E01112623EE2500E0015B /* SearchFriendView.swift */,
				27CBCC462627FDC600ABC42C /* LoadingView.swift */,
			);
			path = View;
			sourceTree = "<group>";
		};
		27EDF9B6261C0DA900ADFDA6 /* Model */ = {
			isa = PBXGroup;
			children = (
				464BB16A261ECB83007718CC /* User.swift */,
				464BB16D261ED9EE007718CC /* Messages.swift */,
				464D65462626F12400293379 /* ProfileDetail.swift */,
			);
			path = Model;
			sourceTree = "<group>";
		};
		464BB165261EB464007718CC /* Cell */ = {
			isa = PBXGroup;
			children = (
				D9FFBEDF261D8C4B00BF5841 /* ChatroomTVCell.swift */,
				464BE20A2625540600208D99 /* ChatroomBannerCell.swift */,
				464BB166261EB48C007718CC /* ChatLogTableViewCell.swift */,
				464B9209261FF34A006AEEE2 /* ProfileImageTableViewCell.swift */,
				464B920C261FF6AA006AEEE2 /* ProfileInfoTableViewCell.swift */,
				278E012F262448DE00E0015B /* FriendsTableViewCell.swift */,
			);
			path = Cell;
			sourceTree = "<group>";
		};
		74801D0A87DA1DA12CC7CB8A /* Pods */ = {
			isa = PBXGroup;
			children = (
				13B64C1EAC50EEA03C13839A /* Pods-LiveChat.debug.xcconfig */,
				83A78F375B883F9D24DA5BD9 /* Pods-LiveChat.release.xcconfig */,
			);
			path = Pods;
			sourceTree = "<group>";
		};
		D9D5EFA52626D5EE000EC73C /* Method */ = {
			isa = PBXGroup;
			children = (
				D9D5EFA22626D5CE000EC73C /* ScrollToEndpoint.swift */,
			);
			path = Method;
			sourceTree = "<group>";
		};
/* End PBXGroup section */

/* Begin PBXNativeTarget section */
		27EDF99B261C07CE00ADFDA6 /* LiveChat */ = {
			isa = PBXNativeTarget;
			buildConfigurationList = 27EDF9B0261C07CF00ADFDA6 /* Build configuration list for PBXNativeTarget "LiveChat" */;
			buildPhases = (
				69641DEBD096BA54D92F17DF /* [CP] Check Pods Manifest.lock */,
				27EDF998261C07CE00ADFDA6 /* Sources */,
				27EDF999261C07CE00ADFDA6 /* Frameworks */,
				27EDF99A261C07CE00ADFDA6 /* Resources */,
				3F95C5E88CAF146AB3433E40 /* [CP] Embed Pods Frameworks */,
			);
			buildRules = (
			);
			dependencies = (
			);
			name = LiveChat;
			packageProductDependencies = (
				27EDF9C3261C1A4A00ADFDA6 /* SnapKit */,
			);
			productName = LiveChat;
			productReference = 27EDF99C261C07CE00ADFDA6 /* LiveChat.app */;
			productType = "com.apple.product-type.application";
		};
/* End PBXNativeTarget section */

/* Begin PBXProject section */
		27EDF994261C07CE00ADFDA6 /* Project object */ = {
			isa = PBXProject;
			attributes = {
				LastSwiftUpdateCheck = 1230;
				LastUpgradeCheck = 1230;
				TargetAttributes = {
					27EDF99B261C07CE00ADFDA6 = {
						CreatedOnToolsVersion = 12.3;
					};
				};
			};
			buildConfigurationList = 27EDF997261C07CE00ADFDA6 /* Build configuration list for PBXProject "LiveChat" */;
			compatibilityVersion = "Xcode 9.3";
			developmentRegion = en;
			hasScannedForEncodings = 0;
			knownRegions = (
				en,
				Base,
			);
			mainGroup = 27EDF993261C07CE00ADFDA6;
			packageReferences = (
				27EDF9C2261C1A4A00ADFDA6 /* XCRemoteSwiftPackageReference "SnapKit" */,
			);
			productRefGroup = 27EDF99D261C07CE00ADFDA6 /* Products */;
			projectDirPath = "";
			projectRoot = "";
			targets = (
				27EDF99B261C07CE00ADFDA6 /* LiveChat */,
			);
		};
/* End PBXProject section */

/* Begin PBXResourcesBuildPhase section */
		27EDF99A261C07CE00ADFDA6 /* Resources */ = {
			isa = PBXResourcesBuildPhase;
			buildActionMask = 2147483647;
			files = (
				27EDF9AC261C07CF00ADFDA6 /* LaunchScreen.storyboard in Resources */,
				27EDF9A9261C07CF00ADFDA6 /* Assets.xcassets in Resources */,
				27CBCC4B262814CA00ABC42C /* loading.json in Resources */,
				27EDF9DB261C5D2200ADFDA6 /* GoogleService-Info.plist in Resources */,
			);
			runOnlyForDeploymentPostprocessing = 0;
		};
/* End PBXResourcesBuildPhase section */

/* Begin PBXShellScriptBuildPhase section */
		3F95C5E88CAF146AB3433E40 /* [CP] Embed Pods Frameworks */ = {
			isa = PBXShellScriptBuildPhase;
			buildActionMask = 2147483647;
			files = (
			);
			inputFileListPaths = (
				"${PODS_ROOT}/Target Support Files/Pods-LiveChat/Pods-LiveChat-frameworks-${CONFIGURATION}-input-files.xcfilelist",
			);
			name = "[CP] Embed Pods Frameworks";
			outputFileListPaths = (
				"${PODS_ROOT}/Target Support Files/Pods-LiveChat/Pods-LiveChat-frameworks-${CONFIGURATION}-output-files.xcfilelist",
			);
			runOnlyForDeploymentPostprocessing = 0;
			shellPath = /bin/sh;
			shellScript = "\"${PODS_ROOT}/Target Support Files/Pods-LiveChat/Pods-LiveChat-frameworks.sh\"\n";
			showEnvVarsInLog = 0;
		};
		69641DEBD096BA54D92F17DF /* [CP] Check Pods Manifest.lock */ = {
			isa = PBXShellScriptBuildPhase;
			buildActionMask = 2147483647;
			files = (
			);
			inputFileListPaths = (
			);
			inputPaths = (
				"${PODS_PODFILE_DIR_PATH}/Podfile.lock",
				"${PODS_ROOT}/Manifest.lock",
			);
			name = "[CP] Check Pods Manifest.lock";
			outputFileListPaths = (
			);
			outputPaths = (
				"$(DERIVED_FILE_DIR)/Pods-LiveChat-checkManifestLockResult.txt",
			);
			runOnlyForDeploymentPostprocessing = 0;
			shellPath = /bin/sh;
			shellScript = "diff \"${PODS_PODFILE_DIR_PATH}/Podfile.lock\" \"${PODS_ROOT}/Manifest.lock\" > /dev/null\nif [ $? != 0 ] ; then\n    # print error to STDERR\n    echo \"error: The sandbox is not in sync with the Podfile.lock. Run 'pod install' or update your CocoaPods installation.\" >&2\n    exit 1\nfi\n# This output is used by Xcode 'outputs' to avoid re-running this script phase.\necho \"SUCCESS\" > \"${SCRIPT_OUTPUT_FILE_0}\"\n";
			showEnvVarsInLog = 0;
		};
/* End PBXShellScriptBuildPhase section */

/* Begin PBXSourcesBuildPhase section */
		27EDF998261C07CE00ADFDA6 /* Sources */ = {
			isa = PBXSourcesBuildPhase;
			buildActionMask = 2147483647;
			files = (
				464BB16B261ECB83007718CC /* User.swift in Sources */,
				464D65402626DE2800293379 /* ProfileDetailViewController.swift in Sources */,
				2793C1B5261C9EEF000262CE /* ChatroomVC.swift in Sources */,
				D9FFBEE3261D8D0400BF5841 /* ChatLogVC.swift in Sources */,
				464BB16E261ED9EE007718CC /* Messages.swift in Sources */,
				464BE20B2625540600208D99 /* ChatroomBannerCell.swift in Sources */,
				27EDF9A0261C07CE00ADFDA6 /* AppDelegate.swift in Sources */,
				464B9207261FEE01006AEEE2 /* ProfileViewController.swift in Sources */,
				27EDF9D3261C50E200ADFDA6 /* RegisterView.swift in Sources */,
				464B9204261FEDF2006AEEE2 /* ProfileView.swift in Sources */,
				27CBCC432627FD7900ABC42C /* LoadingViewController.swift in Sources */,
				27CBCC472627FDC600ABC42C /* LoadingView.swift in Sources */,
				27EDF9A2261C07CE00ADFDA6 /* SceneDelegate.swift in Sources */,
				2793C1B8261C9F22000262CE /* ChatroomView.swift in Sources */,
				464B920A261FF34A006AEEE2 /* ProfileImageTableViewCell.swift in Sources */,
				27EDF9D6261C50F100ADFDA6 /* RegisterViewController.swift in Sources */,
				D9D5EFA32626D5CE000EC73C /* ScrollToEndpoint.swift in Sources */,
				D91DF32D26256FCF0010C1F5 /* ChatLogView.swift in Sources */,
				27EDF9BD261C100B00ADFDA6 /* HomePageView.swift in Sources */,
				464D65472626F12400293379 /* ProfileDetail.swift in Sources */,
				278E01122623EE2500E0015B /* SearchFriendView.swift in Sources */,
				D9FFBEE0261D8C4B00BF5841 /* ChatroomTVCell.swift in Sources */,
				464B921026203228006AEEE2 /* FriendsView.swift in Sources */,
				464D65432626DE9400293379 /* ProfileDetailView.swift in Sources */,
				278E010F2623EE0D00E0015B /* SearchFriendViewController.swift in Sources */,
				464B921326203239006AEEE2 /* FriendsViewController.swift in Sources */,
				278E0130262448DE00E0015B /* FriendsTableViewCell.swift in Sources */,
				464B920D261FF6AA006AEEE2 /* ProfileInfoTableViewCell.swift in Sources */,
				464BB167261EB48C007718CC /* ChatLogTableViewCell.swift in Sources */,
				27EDF9BA261C0FEF00ADFDA6 /* HomepageViewController.swift in Sources */,
			);
			runOnlyForDeploymentPostprocessing = 0;
		};
/* End PBXSourcesBuildPhase section */

/* Begin PBXVariantGroup section */
		27EDF9AA261C07CF00ADFDA6 /* LaunchScreen.storyboard */ = {
			isa = PBXVariantGroup;
			children = (
				27EDF9AB261C07CF00ADFDA6 /* Base */,
			);
			name = LaunchScreen.storyboard;
			sourceTree = "<group>";
		};
/* End PBXVariantGroup section */

/* Begin XCBuildConfiguration section */
		27EDF9AE261C07CF00ADFDA6 /* Debug */ = {
			isa = XCBuildConfiguration;
			buildSettings = {
				ALWAYS_SEARCH_USER_PATHS = NO;
				CLANG_ANALYZER_NONNULL = YES;
				CLANG_ANALYZER_NUMBER_OBJECT_CONVERSION = YES_AGGRESSIVE;
				CLANG_CXX_LANGUAGE_STANDARD = "gnu++14";
				CLANG_CXX_LIBRARY = "libc++";
				CLANG_ENABLE_MODULES = YES;
				CLANG_ENABLE_OBJC_ARC = YES;
				CLANG_ENABLE_OBJC_WEAK = YES;
				CLANG_WARN_BLOCK_CAPTURE_AUTORELEASING = YES;
				CLANG_WARN_BOOL_CONVERSION = YES;
				CLANG_WARN_COMMA = YES;
				CLANG_WARN_CONSTANT_CONVERSION = YES;
				CLANG_WARN_DEPRECATED_OBJC_IMPLEMENTATIONS = YES;
				CLANG_WARN_DIRECT_OBJC_ISA_USAGE = YES_ERROR;
				CLANG_WARN_DOCUMENTATION_COMMENTS = YES;
				CLANG_WARN_EMPTY_BODY = YES;
				CLANG_WARN_ENUM_CONVERSION = YES;
				CLANG_WARN_INFINITE_RECURSION = YES;
				CLANG_WARN_INT_CONVERSION = YES;
				CLANG_WARN_NON_LITERAL_NULL_CONVERSION = YES;
				CLANG_WARN_OBJC_IMPLICIT_RETAIN_SELF = YES;
				CLANG_WARN_OBJC_LITERAL_CONVERSION = YES;
				CLANG_WARN_OBJC_ROOT_CLASS = YES_ERROR;
				CLANG_WARN_QUOTED_INCLUDE_IN_FRAMEWORK_HEADER = YES;
				CLANG_WARN_RANGE_LOOP_ANALYSIS = YES;
				CLANG_WARN_STRICT_PROTOTYPES = YES;
				CLANG_WARN_SUSPICIOUS_MOVE = YES;
				CLANG_WARN_UNGUARDED_AVAILABILITY = YES_AGGRESSIVE;
				CLANG_WARN_UNREACHABLE_CODE = YES;
				CLANG_WARN__DUPLICATE_METHOD_MATCH = YES;
				COPY_PHASE_STRIP = NO;
				DEBUG_INFORMATION_FORMAT = dwarf;
				ENABLE_STRICT_OBJC_MSGSEND = YES;
				ENABLE_TESTABILITY = YES;
				GCC_C_LANGUAGE_STANDARD = gnu11;
				GCC_DYNAMIC_NO_PIC = NO;
				GCC_NO_COMMON_BLOCKS = YES;
				GCC_OPTIMIZATION_LEVEL = 0;
				GCC_PREPROCESSOR_DEFINITIONS = (
					"DEBUG=1",
					"$(inherited)",
				);
				GCC_WARN_64_TO_32_BIT_CONVERSION = YES;
				GCC_WARN_ABOUT_RETURN_TYPE = YES_ERROR;
				GCC_WARN_UNDECLARED_SELECTOR = YES;
				GCC_WARN_UNINITIALIZED_AUTOS = YES_AGGRESSIVE;
				GCC_WARN_UNUSED_FUNCTION = YES;
				GCC_WARN_UNUSED_VARIABLE = YES;
				IPHONEOS_DEPLOYMENT_TARGET = 14.3;
				MTL_ENABLE_DEBUG_INFO = INCLUDE_SOURCE;
				MTL_FAST_MATH = YES;
				ONLY_ACTIVE_ARCH = YES;
				SDKROOT = iphoneos;
				SWIFT_ACTIVE_COMPILATION_CONDITIONS = DEBUG;
				SWIFT_OPTIMIZATION_LEVEL = "-Onone";
			};
			name = Debug;
		};
		27EDF9AF261C07CF00ADFDA6 /* Release */ = {
			isa = XCBuildConfiguration;
			buildSettings = {
				ALWAYS_SEARCH_USER_PATHS = NO;
				CLANG_ANALYZER_NONNULL = YES;
				CLANG_ANALYZER_NUMBER_OBJECT_CONVERSION = YES_AGGRESSIVE;
				CLANG_CXX_LANGUAGE_STANDARD = "gnu++14";
				CLANG_CXX_LIBRARY = "libc++";
				CLANG_ENABLE_MODULES = YES;
				CLANG_ENABLE_OBJC_ARC = YES;
				CLANG_ENABLE_OBJC_WEAK = YES;
				CLANG_WARN_BLOCK_CAPTURE_AUTORELEASING = YES;
				CLANG_WARN_BOOL_CONVERSION = YES;
				CLANG_WARN_COMMA = YES;
				CLANG_WARN_CONSTANT_CONVERSION = YES;
				CLANG_WARN_DEPRECATED_OBJC_IMPLEMENTATIONS = YES;
				CLANG_WARN_DIRECT_OBJC_ISA_USAGE = YES_ERROR;
				CLANG_WARN_DOCUMENTATION_COMMENTS = YES;
				CLANG_WARN_EMPTY_BODY = YES;
				CLANG_WARN_ENUM_CONVERSION = YES;
				CLANG_WARN_INFINITE_RECURSION = YES;
				CLANG_WARN_INT_CONVERSION = YES;
				CLANG_WARN_NON_LITERAL_NULL_CONVERSION = YES;
				CLANG_WARN_OBJC_IMPLICIT_RETAIN_SELF = YES;
				CLANG_WARN_OBJC_LITERAL_CONVERSION = YES;
				CLANG_WARN_OBJC_ROOT_CLASS = YES_ERROR;
				CLANG_WARN_QUOTED_INCLUDE_IN_FRAMEWORK_HEADER = YES;
				CLANG_WARN_RANGE_LOOP_ANALYSIS = YES;
				CLANG_WARN_STRICT_PROTOTYPES = YES;
				CLANG_WARN_SUSPICIOUS_MOVE = YES;
				CLANG_WARN_UNGUARDED_AVAILABILITY = YES_AGGRESSIVE;
				CLANG_WARN_UNREACHABLE_CODE = YES;
				CLANG_WARN__DUPLICATE_METHOD_MATCH = YES;
				COPY_PHASE_STRIP = NO;
				DEBUG_INFORMATION_FORMAT = "dwarf-with-dsym";
				ENABLE_NS_ASSERTIONS = NO;
				ENABLE_STRICT_OBJC_MSGSEND = YES;
				GCC_C_LANGUAGE_STANDARD = gnu11;
				GCC_NO_COMMON_BLOCKS = YES;
				GCC_WARN_64_TO_32_BIT_CONVERSION = YES;
				GCC_WARN_ABOUT_RETURN_TYPE = YES_ERROR;
				GCC_WARN_UNDECLARED_SELECTOR = YES;
				GCC_WARN_UNINITIALIZED_AUTOS = YES_AGGRESSIVE;
				GCC_WARN_UNUSED_FUNCTION = YES;
				GCC_WARN_UNUSED_VARIABLE = YES;
				IPHONEOS_DEPLOYMENT_TARGET = 14.3;
				MTL_ENABLE_DEBUG_INFO = NO;
				MTL_FAST_MATH = YES;
				SDKROOT = iphoneos;
				SWIFT_COMPILATION_MODE = wholemodule;
				SWIFT_OPTIMIZATION_LEVEL = "-O";
				VALIDATE_PRODUCT = YES;
			};
			name = Release;
		};
		27EDF9B1261C07CF00ADFDA6 /* Debug */ = {
			isa = XCBuildConfiguration;
			baseConfigurationReference = 13B64C1EAC50EEA03C13839A /* Pods-LiveChat.debug.xcconfig */;
			buildSettings = {
				ASSETCATALOG_COMPILER_APPICON_NAME = AppIcon;
				ASSETCATALOG_COMPILER_GLOBAL_ACCENT_COLOR_NAME = AccentColor;
				CODE_SIGN_STYLE = Automatic;
				DEVELOPMENT_TEAM = TYC5BK4Q43;
				INFOPLIST_FILE = LiveChat/Info.plist;
				LD_RUNPATH_SEARCH_PATHS = (
					"$(inherited)",
					"@executable_path/Frameworks",
				);
				PRODUCT_BUNDLE_IDENTIFIER = com..LiveChat11;
				PRODUCT_NAME = "$(TARGET_NAME)";
				SWIFT_VERSION = 5.0;
				TARGETED_DEVICE_FAMILY = "1,2";
			};
			name = Debug;
		};
		27EDF9B2261C07CF00ADFDA6 /* Release */ = {
			isa = XCBuildConfiguration;
			baseConfigurationReference = 83A78F375B883F9D24DA5BD9 /* Pods-LiveChat.release.xcconfig */;
			buildSettings = {
				ASSETCATALOG_COMPILER_APPICON_NAME = AppIcon;
				ASSETCATALOG_COMPILER_GLOBAL_ACCENT_COLOR_NAME = AccentColor;
				CODE_SIGN_STYLE = Automatic;
				DEVELOPMENT_TEAM = TYC5BK4Q43;
				INFOPLIST_FILE = LiveChat/Info.plist;
				LD_RUNPATH_SEARCH_PATHS = (
					"$(inherited)",
					"@executable_path/Frameworks",
				);
				PRODUCT_BUNDLE_IDENTIFIER = com..LiveChat11;
				PRODUCT_NAME = "$(TARGET_NAME)";
				SWIFT_VERSION = 5.0;
				TARGETED_DEVICE_FAMILY = "1,2";
			};
			name = Release;
		};
/* End XCBuildConfiguration section */

/* Begin XCConfigurationList section */
		27EDF997261C07CE00ADFDA6 /* Build configuration list for PBXProject "LiveChat" */ = {
			isa = XCConfigurationList;
			buildConfigurations = (
				27EDF9AE261C07CF00ADFDA6 /* Debug */,
				27EDF9AF261C07CF00ADFDA6 /* Release */,
			);
			defaultConfigurationIsVisible = 0;
			defaultConfigurationName = Release;
		};
		27EDF9B0261C07CF00ADFDA6 /* Build configuration list for PBXNativeTarget "LiveChat" */ = {
			isa = XCConfigurationList;
			buildConfigurations = (
				27EDF9B1261C07CF00ADFDA6 /* Debug */,
				27EDF9B2261C07CF00ADFDA6 /* Release */,
			);
			defaultConfigurationIsVisible = 0;
			defaultConfigurationName = Release;
		};
/* End XCConfigurationList section */

/* Begin XCRemoteSwiftPackageReference section */
		27EDF9C2261C1A4A00ADFDA6 /* XCRemoteSwiftPackageReference "SnapKit" */ = {
			isa = XCRemoteSwiftPackageReference;
			repositoryURL = "https://github.com/SnapKit/SnapKit";
			requirement = {
				kind = upToNextMajorVersion;
				minimumVersion = 5.0.1;
			};
		};
/* End XCRemoteSwiftPackageReference section */

/* Begin XCSwiftPackageProductDependency section */
		27EDF9C3261C1A4A00ADFDA6 /* SnapKit */ = {
			isa = XCSwiftPackageProductDependency;
			package = 27EDF9C2261C1A4A00ADFDA6 /* XCRemoteSwiftPackageReference "SnapKit" */;
			productName = SnapKit;
		};
/* End XCSwiftPackageProductDependency section */
	};
	rootObject = 27EDF994261C07CE00ADFDA6 /* Project object */;
}
