// !$*UTF8*$!
{
	archiveVersion = 1;
	classes = {
	};
	objectVersion = 52;
	objects = {

/* Begin PBXBuildFile section */
		2793C1B5261C9EEF000262CE /* TestViewController.swift in Sources */ = {isa = PBXBuildFile; fileRef = 2793C1B4261C9EEF000262CE /* TestViewController.swift */; };
		2793C1B8261C9F22000262CE /* TestView.swift in Sources */ = {isa = PBXBuildFile; fileRef = 2793C1B7261C9F22000262CE /* TestView.swift */; };
		27EDF9A0261C07CE00ADFDA6 /* AppDelegate.swift in Sources */ = {isa = PBXBuildFile; fileRef = 27EDF99F261C07CE00ADFDA6 /* AppDelegate.swift */; };
		27EDF9A2261C07CE00ADFDA6 /* SceneDelegate.swift in Sources */ = {isa = PBXBuildFile; fileRef = 27EDF9A1261C07CE00ADFDA6 /* SceneDelegate.swift */; };
		27EDF9A9261C07CF00ADFDA6 /* Assets.xcassets in Resources */ = {isa = PBXBuildFile; fileRef = 27EDF9A8261C07CF00ADFDA6 /* Assets.xcassets */; };
		27EDF9AC261C07CF00ADFDA6 /* LaunchScreen.storyboard in Resources */ = {isa = PBXBuildFile; fileRef = 27EDF9AA261C07CF00ADFDA6 /* LaunchScreen.storyboard */; };
		27EDF9BA261C0FEF00ADFDA6 /* HomepageViewController.swift in Sources */ = {isa = PBXBuildFile; fileRef = 27EDF9B9261C0FEF00ADFDA6 /* HomepageViewController.swift */; };
		27EDF9BD261C100B00ADFDA6 /* HomePageView.swift in Sources */ = {isa = PBXBuildFile; fileRef = 27EDF9BC261C100B00ADFDA6 /* HomePageView.swift */; };
		27EDF9C4261C1A4A00ADFDA6 /* SnapKit in Frameworks */ = {isa = PBXBuildFile; productRef = 27EDF9C3261C1A4A00ADFDA6 /* SnapKit */; };
		27EDF9D3261C50E200ADFDA6 /* RegisterView.swift in Sources */ = {isa = PBXBuildFile; fileRef = 27EDF9D2261C50E200ADFDA6 /* RegisterView.swift */; };
		27EDF9D6261C50F100ADFDA6 /* RegisterViewController.swift in Sources */ = {isa = PBXBuildFile; fileRef = 27EDF9D5261C50F100ADFDA6 /* RegisterViewController.swift */; };
		27EDF9DB261C5D2200ADFDA6 /* GoogleService-Info.plist in Resources */ = {isa = PBXBuildFile; fileRef = 27EDF9DA261C5D2200ADFDA6 /* GoogleService-Info.plist */; };
		B9A7A201EA07989C0845055E /* Pods_LiveChat.framework in Frameworks */ = {isa = PBXBuildFile; fileRef = F19046B1905EEF71907EDDBE /* Pods_LiveChat.framework */; };
/* End PBXBuildFile section */

/* Begin PBXFileReference section */
		2793C1B4261C9EEF000262CE /* TestViewController.swift */ = {isa = PBXFileReference; lastKnownFileType = sourcecode.swift; path = TestViewController.swift; sourceTree = "<group>"; };
		2793C1B7261C9F22000262CE /* TestView.swift */ = {isa = PBXFileReference; lastKnownFileType = sourcecode.swift; path = TestView.swift; sourceTree = "<group>"; };
		27EDF99C261C07CE00ADFDA6 /* LiveChat.app */ = {isa = PBXFileReference; explicitFileType = wrapper.application; includeInIndex = 0; path = LiveChat.app; sourceTree = BUILT_PRODUCTS_DIR; };
		27EDF99F261C07CE00ADFDA6 /* AppDelegate.swift */ = {isa = PBXFileReference; lastKnownFileType = sourcecode.swift; path = AppDelegate.swift; sourceTree = "<group>"; };
		27EDF9A1261C07CE00ADFDA6 /* SceneDelegate.swift */ = {isa = PBXFileReference; lastKnownFileType = sourcecode.swift; path = SceneDelegate.swift; sourceTree = "<group>"; };
		27EDF9A8261C07CF00ADFDA6 /* Assets.xcassets */ = {isa = PBXFileReference; lastKnownFileType = folder.assetcatalog; path = Assets.xcassets; sourceTree = "<group>"; };
		27EDF9AB261C07CF00ADFDA6 /* Base */ = {isa = PBXFileReference; lastKnownFileType = file.storyboard; name = Base; path = Base.lproj/LaunchScreen.storyboard; sourceTree = "<group>"; };
		27EDF9AD261C07CF00ADFDA6 /* Info.plist */ = {isa = PBXFileReference; lastKnownFileType = text.plist.xml; path = Info.plist; sourceTree = "<group>"; };
		27EDF9B9261C0FEF00ADFDA6 /* HomepageViewController.swift */ = {isa = PBXFileReference; lastKnownFileType = sourcecode.swift; path = HomepageViewController.swift; sourceTree = "<group>"; };
		27EDF9BC261C100B00ADFDA6 /* HomePageView.swift */ = {isa = PBXFileReference; lastKnownFileType = sourcecode.swift; path = HomePageView.swift; sourceTree = "<group>"; };
		27EDF9D2261C50E200ADFDA6 /* RegisterView.swift */ = {isa = PBXFileReference; lastKnownFileType = sourcecode.swift; path = RegisterView.swift; sourceTree = "<group>"; };
		27EDF9D5261C50F100ADFDA6 /* RegisterViewController.swift */ = {isa = PBXFileReference; lastKnownFileType = sourcecode.swift; path = RegisterViewController.swift; sourceTree = "<group>"; };
		27EDF9DA261C5D2200ADFDA6 /* GoogleService-Info.plist */ = {isa = PBXFileReference; fileEncoding = 4; lastKnownFileType = text.plist.xml; path = "GoogleService-Info.plist"; sourceTree = "<group>"; };
		55CCBDF0B6C612070F02E9C2 /* Pods-LiveChat.release.xcconfig */ = {isa = PBXFileReference; includeInIndex = 1; lastKnownFileType = text.xcconfig; name = "Pods-LiveChat.release.xcconfig"; path = "Target Support Files/Pods-LiveChat/Pods-LiveChat.release.xcconfig"; sourceTree = "<group>"; };
		C2E78282F940B29F98F38EA7 /* Pods-LiveChat.debug.xcconfig */ = {isa = PBXFileReference; includeInIndex = 1; lastKnownFileType = text.xcconfig; name = "Pods-LiveChat.debug.xcconfig"; path = "Target Support Files/Pods-LiveChat/Pods-LiveChat.debug.xcconfig"; sourceTree = "<group>"; };
		F19046B1905EEF71907EDDBE /* Pods_LiveChat.framework */ = {isa = PBXFileReference; explicitFileType = wrapper.framework; includeInIndex = 0; path = Pods_LiveChat.framework; sourceTree = BUILT_PRODUCTS_DIR; };
/* End PBXFileReference section */

/* Begin PBXFrameworksBuildPhase section */
		27EDF999261C07CE00ADFDA6 /* Frameworks */ = {
			isa = PBXFrameworksBuildPhase;
			buildActionMask = 2147483647;
			files = (
				27EDF9C4261C1A4A00ADFDA6 /* SnapKit in Frameworks */,
				B9A7A201EA07989C0845055E /* Pods_LiveChat.framework in Frameworks */,
			);
			runOnlyForDeploymentPostprocessing = 0;
		};
/* End PBXFrameworksBuildPhase section */

/* Begin PBXGroup section */
		27EDF993261C07CE00ADFDA6 = {
			isa = PBXGroup;
			children = (
				27EDF99E261C07CE00ADFDA6 /* LiveChat */,
				27EDF99D261C07CE00ADFDA6 /* Products */,
				74801D0A87DA1DA12CC7CB8A /* Pods */,
				46D0AEC052191FCA7C76D5AF /* Frameworks */,
			);
			sourceTree = "<group>";
		};
		27EDF99D261C07CE00ADFDA6 /* Products */ = {
			isa = PBXGroup;
			children = (
				27EDF99C261C07CE00ADFDA6 /* LiveChat.app */,
			);
			name = Products;
			sourceTree = "<group>";
		};
		27EDF99E261C07CE00ADFDA6 /* LiveChat */ = {
			isa = PBXGroup;
			children = (
				27EDF99F261C07CE00ADFDA6 /* AppDelegate.swift */,
				27EDF9A1261C07CE00ADFDA6 /* SceneDelegate.swift */,
				27EDF9A8261C07CF00ADFDA6 /* Assets.xcassets */,
				27EDF9AA261C07CF00ADFDA6 /* LaunchScreen.storyboard */,
				27EDF9AD261C07CF00ADFDA6 /* Info.plist */,
				27EDF9DA261C5D2200ADFDA6 /* GoogleService-Info.plist */,
				27EDF9B6261C0DA900ADFDA6 /* Model */,
				27EDF9B5261C0DA100ADFDA6 /* View */,
				27EDF9B4261C0D9800ADFDA6 /* Control */,
			);
			path = LiveChat;
			sourceTree = "<group>";
		};
		27EDF9B4261C0D9800ADFDA6 /* Control */ = {
			isa = PBXGroup;
			children = (
				27EDF9B9261C0FEF00ADFDA6 /* HomepageViewController.swift */,
				27EDF9D5261C50F100ADFDA6 /* RegisterViewController.swift */,
				2793C1B4261C9EEF000262CE /* TestViewController.swift */,
			);
			path = Control;
			sourceTree = "<group>";
		};
		27EDF9B5261C0DA100ADFDA6 /* View */ = {
			isa = PBXGroup;
			children = (
				27EDF9BC261C100B00ADFDA6 /* HomePageView.swift */,
				27EDF9D2261C50E200ADFDA6 /* RegisterView.swift */,
				2793C1B7261C9F22000262CE /* TestView.swift */,
			);
			path = View;
			sourceTree = "<group>";
		};
		27EDF9B6261C0DA900ADFDA6 /* Model */ = {
			isa = PBXGroup;
			children = (
			);
			path = Model;
			sourceTree = "<group>";
		};
		46D0AEC052191FCA7C76D5AF /* Frameworks */ = {
			isa = PBXGroup;
			children = (
				F19046B1905EEF71907EDDBE /* Pods_LiveChat.framework */,
			);
			name = Frameworks;
			sourceTree = "<group>";
		};
		74801D0A87DA1DA12CC7CB8A /* Pods */ = {
			isa = PBXGroup;
			children = (
				C2E78282F940B29F98F38EA7 /* Pods-LiveChat.debug.xcconfig */,
				55CCBDF0B6C612070F02E9C2 /* Pods-LiveChat.release.xcconfig */,
			);
			path = Pods;
			sourceTree = "<group>";
		};
/* End PBXGroup section */

/* Begin PBXNativeTarget section */
		27EDF99B261C07CE00ADFDA6 /* LiveChat */ = {
			isa = PBXNativeTarget;
			buildConfigurationList = 27EDF9B0261C07CF00ADFDA6 /* Build configuration list for PBXNativeTarget "LiveChat" */;
			buildPhases = (
				EEA27F2C3ED8BCE65A892433 /* [CP] Check Pods Manifest.lock */,
				27EDF998261C07CE00ADFDA6 /* Sources */,
				27EDF999261C07CE00ADFDA6 /* Frameworks */,
				27EDF99A261C07CE00ADFDA6 /* Resources */,
				7AEAFDE7811F769903F47EA5 /* [CP] Embed Pods Frameworks */,
			);
			buildRules = (
			);
			dependencies = (
			);
			name = LiveChat;
			packageProductDependencies = (
				27EDF9C3261C1A4A00ADFDA6 /* SnapKit */,
			);
			productName = LiveChat;
			productReference = 27EDF99C261C07CE00ADFDA6 /* LiveChat.app */;
			productType = "com.apple.product-type.application";
		};
/* End PBXNativeTarget section */

/* Begin PBXProject section */
		27EDF994261C07CE00ADFDA6 /* Project object */ = {
			isa = PBXProject;
			attributes = {
				LastSwiftUpdateCheck = 1230;
				LastUpgradeCheck = 1230;
				TargetAttributes = {
					27EDF99B261C07CE00ADFDA6 = {
						CreatedOnToolsVersion = 12.3;
					};
				};
			};
			buildConfigurationList = 27EDF997261C07CE00ADFDA6 /* Build configuration list for PBXProject "LiveChat" */;
			compatibilityVersion = "Xcode 9.3";
			developmentRegion = en;
			hasScannedForEncodings = 0;
			knownRegions = (
				en,
				Base,
			);
			mainGroup = 27EDF993261C07CE00ADFDA6;
			packageReferences = (
				27EDF9C2261C1A4A00ADFDA6 /* XCRemoteSwiftPackageReference "SnapKit" */,
			);
			productRefGroup = 27EDF99D261C07CE00ADFDA6 /* Products */;
			projectDirPath = "";
			projectRoot = "";
			targets = (
				27EDF99B261C07CE00ADFDA6 /* LiveChat */,
			);
		};
/* End PBXProject section */

/* Begin PBXResourcesBuildPhase section */
		27EDF99A261C07CE00ADFDA6 /* Resources */ = {
			isa = PBXResourcesBuildPhase;
			buildActionMask = 2147483647;
			files = (
				27EDF9AC261C07CF00ADFDA6 /* LaunchScreen.storyboard in Resources */,
				27EDF9A9261C07CF00ADFDA6 /* Assets.xcassets in Resources */,
				27EDF9DB261C5D2200ADFDA6 /* GoogleService-Info.plist in Resources */,
			);
			runOnlyForDeploymentPostprocessing = 0;
		};
/* End PBXResourcesBuildPhase section */

/* Begin PBXShellScriptBuildPhase section */
		7AEAFDE7811F769903F47EA5 /* [CP] Embed Pods Frameworks */ = {
			isa = PBXShellScriptBuildPhase;
			buildActionMask = 2147483647;
			files = (
			);
			inputFileListPaths = (
				"${PODS_ROOT}/Target Support Files/Pods-LiveChat/Pods-LiveChat-frameworks-${CONFIGURATION}-input-files.xcfilelist",
			);
			name = "[CP] Embed Pods Frameworks";
			outputFileListPaths = (
				"${PODS_ROOT}/Target Support Files/Pods-LiveChat/Pods-LiveChat-frameworks-${CONFIGURATION}-output-files.xcfilelist",
			);
			runOnlyForDeploymentPostprocessing = 0;
			shellPath = /bin/sh;
			shellScript = "\"${PODS_ROOT}/Target Support Files/Pods-LiveChat/Pods-LiveChat-frameworks.sh\"\n";
			showEnvVarsInLog = 0;
		};
		EEA27F2C3ED8BCE65A892433 /* [CP] Check Pods Manifest.lock */ = {
			isa = PBXShellScriptBuildPhase;
			buildActionMask = 2147483647;
			files = (
			);
			inputFileListPaths = (
			);
			inputPaths = (
				"${PODS_PODFILE_DIR_PATH}/Podfile.lock",
				"${PODS_ROOT}/Manifest.lock",
			);
			name = "[CP] Check Pods Manifest.lock";
			outputFileListPaths = (
			);
			outputPaths = (
				"$(DERIVED_FILE_DIR)/Pods-LiveChat-checkManifestLockResult.txt",
			);
			runOnlyForDeploymentPostprocessing = 0;
			shellPath = /bin/sh;
			shellScript = "diff \"${PODS_PODFILE_DIR_PATH}/Podfile.lock\" \"${PODS_ROOT}/Manifest.lock\" > /dev/null\nif [ $? != 0 ] ; then\n    # print error to STDERR\n    echo \"error: The sandbox is not in sync with the Podfile.lock. Run 'pod install' or update your CocoaPods installation.\" >&2\n    exit 1\nfi\n# This output is used by Xcode 'outputs' to avoid re-running this script phase.\necho \"SUCCESS\" > \"${SCRIPT_OUTPUT_FILE_0}\"\n";
			showEnvVarsInLog = 0;
		};
/* End PBXShellScriptBuildPhase section */

/* Begin PBXSourcesBuildPhase section */
		27EDF998261C07CE00ADFDA6 /* Sources */ = {
			isa = PBXSourcesBuildPhase;
			buildActionMask = 2147483647;
			files = (
				2793C1B5261C9EEF000262CE /* TestViewController.swift in Sources */,
				27EDF9A0261C07CE00ADFDA6 /* AppDelegate.swift in Sources */,
				27EDF9D3261C50E200ADFDA6 /* RegisterView.swift in Sources */,
				27EDF9A2261C07CE00ADFDA6 /* SceneDelegate.swift in Sources */,
				2793C1B8261C9F22000262CE /* TestView.swift in Sources */,
				27EDF9D6261C50F100ADFDA6 /* RegisterViewController.swift in Sources */,
				27EDF9BD261C100B00ADFDA6 /* HomePageView.swift in Sources */,
				27EDF9BA261C0FEF00ADFDA6 /* HomepageViewController.swift in Sources */,
			);
			runOnlyForDeploymentPostprocessing = 0;
		};
/* End PBXSourcesBuildPhase section */

/* Begin PBXVariantGroup section */
		27EDF9AA261C07CF00ADFDA6 /* LaunchScreen.storyboard */ = {
			isa = PBXVariantGroup;
			children = (
				27EDF9AB261C07CF00ADFDA6 /* Base */,
			);
			name = LaunchScreen.storyboard;
			sourceTree = "<group>";
		};
/* End PBXVariantGroup section */

/* Begin XCBuildConfiguration section */
		27EDF9AE261C07CF00ADFDA6 /* Debug */ = {
			isa = XCBuildConfiguration;
			buildSettings = {
				ALWAYS_SEARCH_USER_PATHS = NO;
				CLANG_ANALYZER_NONNULL = YES;
				CLANG_ANALYZER_NUMBER_OBJECT_CONVERSION = YES_AGGRESSIVE;
				CLANG_CXX_LANGUAGE_STANDARD = "gnu++14";
				CLANG_CXX_LIBRARY = "libc++";
				CLANG_ENABLE_MODULES = YES;
				CLANG_ENABLE_OBJC_ARC = YES;
				CLANG_ENABLE_OBJC_WEAK = YES;
				CLANG_WARN_BLOCK_CAPTURE_AUTORELEASING = YES;
				CLANG_WARN_BOOL_CONVERSION = YES;
				CLANG_WARN_COMMA = YES;
				CLANG_WARN_CONSTANT_CONVERSION = YES;
				CLANG_WARN_DEPRECATED_OBJC_IMPLEMENTATIONS = YES;
				CLANG_WARN_DIRECT_OBJC_ISA_USAGE = YES_ERROR;
				CLANG_WARN_DOCUMENTATION_COMMENTS = YES;
				CLANG_WARN_EMPTY_BODY = YES;
				CLANG_WARN_ENUM_CONVERSION = YES;
				CLANG_WARN_INFINITE_RECURSION = YES;
				CLANG_WARN_INT_CONVERSION = YES;
				CLANG_WARN_NON_LITERAL_NULL_CONVERSION = YES;
				CLANG_WARN_OBJC_IMPLICIT_RETAIN_SELF = YES;
				CLANG_WARN_OBJC_LITERAL_CONVERSION = YES;
				CLANG_WARN_OBJC_ROOT_CLASS = YES_ERROR;
				CLANG_WARN_QUOTED_INCLUDE_IN_FRAMEWORK_HEADER = YES;
				CLANG_WARN_RANGE_LOOP_ANALYSIS = YES;
				CLANG_WARN_STRICT_PROTOTYPES = YES;
				CLANG_WARN_SUSPICIOUS_MOVE = YES;
				CLANG_WARN_UNGUARDED_AVAILABILITY = YES_AGGRESSIVE;
				CLANG_WARN_UNREACHABLE_CODE = YES;
				CLANG_WARN__DUPLICATE_METHOD_MATCH = YES;
				COPY_PHASE_STRIP = NO;
				DEBUG_INFORMATION_FORMAT = dwarf;
				ENABLE_STRICT_OBJC_MSGSEND = YES;
				ENABLE_TESTABILITY = YES;
				GCC_C_LANGUAGE_STANDARD = gnu11;
				GCC_DYNAMIC_NO_PIC = NO;
				GCC_NO_COMMON_BLOCKS = YES;
				GCC_OPTIMIZATION_LEVEL = 0;
				GCC_PREPROCESSOR_DEFINITIONS = (
					"DEBUG=1",
					"$(inherited)",
				);
				GCC_WARN_64_TO_32_BIT_CONVERSION = YES;
				GCC_WARN_ABOUT_RETURN_TYPE = YES_ERROR;
				GCC_WARN_UNDECLARED_SELECTOR = YES;
				GCC_WARN_UNINITIALIZED_AUTOS = YES_AGGRESSIVE;
				GCC_WARN_UNUSED_FUNCTION = YES;
				GCC_WARN_UNUSED_VARIABLE = YES;
				IPHONEOS_DEPLOYMENT_TARGET = 14.3;
				MTL_ENABLE_DEBUG_INFO = INCLUDE_SOURCE;
				MTL_FAST_MATH = YES;
				ONLY_ACTIVE_ARCH = YES;
				SDKROOT = iphoneos;
				SWIFT_ACTIVE_COMPILATION_CONDITIONS = DEBUG;
				SWIFT_OPTIMIZATION_LEVEL = "-Onone";
			};
			name = Debug;
		};
		27EDF9AF261C07CF00ADFDA6 /* Release */ = {
			isa = XCBuildConfiguration;
			buildSettings = {
				ALWAYS_SEARCH_USER_PATHS = NO;
				CLANG_ANALYZER_NONNULL = YES;
				CLANG_ANALYZER_NUMBER_OBJECT_CONVERSION = YES_AGGRESSIVE;
				CLANG_CXX_LANGUAGE_STANDARD = "gnu++14";
				CLANG_CXX_LIBRARY = "libc++";
				CLANG_ENABLE_MODULES = YES;
				CLANG_ENABLE_OBJC_ARC = YES;
				CLANG_ENABLE_OBJC_WEAK = YES;
				CLANG_WARN_BLOCK_CAPTURE_AUTORELEASING = YES;
				CLANG_WARN_BOOL_CONVERSION = YES;
				CLANG_WARN_COMMA = YES;
				CLANG_WARN_CONSTANT_CONVERSION = YES;
				CLANG_WARN_DEPRECATED_OBJC_IMPLEMENTATIONS = YES;
				CLANG_WARN_DIRECT_OBJC_ISA_USAGE = YES_ERROR;
				CLANG_WARN_DOCUMENTATION_COMMENTS = YES;
				CLANG_WARN_EMPTY_BODY = YES;
				CLANG_WARN_ENUM_CONVERSION = YES;
				CLANG_WARN_INFINITE_RECURSION = YES;
				CLANG_WARN_INT_CONVERSION = YES;
				CLANG_WARN_NON_LITERAL_NULL_CONVERSION = YES;
				CLANG_WARN_OBJC_IMPLICIT_RETAIN_SELF = YES;
				CLANG_WARN_OBJC_LITERAL_CONVERSION = YES;
				CLANG_WARN_OBJC_ROOT_CLASS = YES_ERROR;
				CLANG_WARN_QUOTED_INCLUDE_IN_FRAMEWORK_HEADER = YES;
				CLANG_WARN_RANGE_LOOP_ANALYSIS = YES;
				CLANG_WARN_STRICT_PROTOTYPES = YES;
				CLANG_WARN_SUSPICIOUS_MOVE = YES;
				CLANG_WARN_UNGUARDED_AVAILABILITY = YES_AGGRESSIVE;
				CLANG_WARN_UNREACHABLE_CODE = YES;
				CLANG_WARN__DUPLICATE_METHOD_MATCH = YES;
				COPY_PHASE_STRIP = NO;
				DEBUG_INFORMATION_FORMAT = "dwarf-with-dsym";
				ENABLE_NS_ASSERTIONS = NO;
				ENABLE_STRICT_OBJC_MSGSEND = YES;
				GCC_C_LANGUAGE_STANDARD = gnu11;
				GCC_NO_COMMON_BLOCKS = YES;
				GCC_WARN_64_TO_32_BIT_CONVERSION = YES;
				GCC_WARN_ABOUT_RETURN_TYPE = YES_ERROR;
				GCC_WARN_UNDECLARED_SELECTOR = YES;
				GCC_WARN_UNINITIALIZED_AUTOS = YES_AGGRESSIVE;
				GCC_WARN_UNUSED_FUNCTION = YES;
				GCC_WARN_UNUSED_VARIABLE = YES;
				IPHONEOS_DEPLOYMENT_TARGET = 14.3;
				MTL_ENABLE_DEBUG_INFO = NO;
				MTL_FAST_MATH = YES;
				SDKROOT = iphoneos;
				SWIFT_COMPILATION_MODE = wholemodule;
				SWIFT_OPTIMIZATION_LEVEL = "-O";
				VALIDATE_PRODUCT = YES;
			};
			name = Release;
		};
		27EDF9B1261C07CF00ADFDA6 /* Debug */ = {
			isa = XCBuildConfiguration;
			baseConfigurationReference = C2E78282F940B29F98F38EA7 /* Pods-LiveChat.debug.xcconfig */;
			buildSettings = {
				ASSETCATALOG_COMPILER_APPICON_NAME = AppIcon;
				ASSETCATALOG_COMPILER_GLOBAL_ACCENT_COLOR_NAME = AccentColor;
				CODE_SIGN_STYLE = Automatic;
				DEVELOPMENT_TEAM = 5U9UNZJQWA;
				INFOPLIST_FILE = LiveChat/Info.plist;
				LD_RUNPATH_SEARCH_PATHS = (
					"$(inherited)",
					"@executable_path/Frameworks",
				);
				PRODUCT_BUNDLE_IDENTIFIER = com..LiveChat;
				PRODUCT_NAME = "$(TARGET_NAME)";
				SWIFT_VERSION = 5.0;
				TARGETED_DEVICE_FAMILY = "1,2";
			};
			name = Debug;
		};
		27EDF9B2261C07CF00ADFDA6 /* Release */ = {
			isa = XCBuildConfiguration;
			baseConfigurationReference = 55CCBDF0B6C612070F02E9C2 /* Pods-LiveChat.release.xcconfig */;
			buildSettings = {
				ASSETCATALOG_COMPILER_APPICON_NAME = AppIcon;
				ASSETCATALOG_COMPILER_GLOBAL_ACCENT_COLOR_NAME = AccentColor;
				CODE_SIGN_STYLE = Automatic;
				DEVELOPMENT_TEAM = 5U9UNZJQWA;
				INFOPLIST_FILE = LiveChat/Info.plist;
				LD_RUNPATH_SEARCH_PATHS = (
					"$(inherited)",
					"@executable_path/Frameworks",
				);
				PRODUCT_BUNDLE_IDENTIFIER = com..LiveChat;
				PRODUCT_NAME = "$(TARGET_NAME)";
				SWIFT_VERSION = 5.0;
				TARGETED_DEVICE_FAMILY = "1,2";
			};
			name = Release;
		};
/* End XCBuildConfiguration section */

/* Begin XCConfigurationList section */
		27EDF997261C07CE00ADFDA6 /* Build configuration list for PBXProject "LiveChat" */ = {
			isa = XCConfigurationList;
			buildConfigurations = (
				27EDF9AE261C07CF00ADFDA6 /* Debug */,
				27EDF9AF261C07CF00ADFDA6 /* Release */,
			);
			defaultConfigurationIsVisible = 0;
			defaultConfigurationName = Release;
		};
		27EDF9B0261C07CF00ADFDA6 /* Build configuration list for PBXNativeTarget "LiveChat" */ = {
			isa = XCConfigurationList;
			buildConfigurations = (
				27EDF9B1261C07CF00ADFDA6 /* Debug */,
				27EDF9B2261C07CF00ADFDA6 /* Release */,
			);
			defaultConfigurationIsVisible = 0;
			defaultConfigurationName = Release;
		};
/* End XCConfigurationList section */

/* Begin XCRemoteSwiftPackageReference section */
		27EDF9C2261C1A4A00ADFDA6 /* XCRemoteSwiftPackageReference "SnapKit" */ = {
			isa = XCRemoteSwiftPackageReference;
			repositoryURL = "https://github.com/SnapKit/SnapKit";
			requirement = {
				kind = upToNextMajorVersion;
				minimumVersion = 5.0.1;
			};
		};
/* End XCRemoteSwiftPackageReference section */

/* Begin XCSwiftPackageProductDependency section */
		27EDF9C3261C1A4A00ADFDA6 /* SnapKit */ = {
			isa = XCSwiftPackageProductDependency;
			package = 27EDF9C2261C1A4A00ADFDA6 /* XCRemoteSwiftPackageReference "SnapKit" */;
			productName = SnapKit;
		};
/* End XCSwiftPackageProductDependency section */
	};
	rootObject = 27EDF994261C07CE00ADFDA6 /* Project object */;
}
